// !$*UTF8*$!
{
	archiveVersion = 1;
	classes = {
	};
	objectVersion = 56;
	objects = {

/* Begin PBXBuildFile section */
		F81A3FDC2C5E7C3900E297B0 /* FriendFaceApp.swift in Sources */ = {isa = PBXBuildFile; fileRef = F81A3FDB2C5E7C3900E297B0 /* FriendFaceApp.swift */; };
		F81A3FDE2C5E7C3900E297B0 /* ContentView.swift in Sources */ = {isa = PBXBuildFile; fileRef = F81A3FDD2C5E7C3900E297B0 /* ContentView.swift */; };
		F81A3FE02C5E7C3A00E297B0 /* Assets.xcassets in Resources */ = {isa = PBXBuildFile; fileRef = F81A3FDF2C5E7C3A00E297B0 /* Assets.xcassets */; };
		F81A3FE32C5E7C3A00E297B0 /* Preview Assets.xcassets in Resources */ = {isa = PBXBuildFile; fileRef = F81A3FE22C5E7C3A00E297B0 /* Preview Assets.xcassets */; };
		F81A3FEE2C5E7C8900E297B0 /* Friend.swift in Sources */ = {isa = PBXBuildFile; fileRef = F81A3FED2C5E7C8900E297B0 /* Friend.swift */; };
		F81A3FF02C5E7CBA00E297B0 /* User.swift in Sources */ = {isa = PBXBuildFile; fileRef = F81A3FEF2C5E7CBA00E297B0 /* User.swift */; };
		F81A3FF32C5E860B00E297B0 /* UserDetailView.swift in Sources */ = {isa = PBXBuildFile; fileRef = F81A3FF22C5E860B00E297B0 /* UserDetailView.swift */; };
		F81A3FF52C5E8D7A00E297B0 /* UsersViewModel.swift in Sources */ = {isa = PBXBuildFile; fileRef = F81A3FF42C5E8D7A00E297B0 /* UsersViewModel.swift */; };
		F81A3FFA2C5E932D00E297B0 /* ShaftConnector.swift in Sources */ = {isa = PBXBuildFile; fileRef = F81A3FF92C5E932D00E297B0 /* ShaftConnector.swift */; };
		F81A3FFB2C5E957000E297B0 /* certadmin.cer in Resources */ = {isa = PBXBuildFile; fileRef = F81A3FF12C5E842100E297B0 /* certadmin.cer */; };
/* End PBXBuildFile section */

/* Begin PBXFileReference section */
		F81A3FD82C5E7C3900E297B0 /* FriendFace.app */ = {isa = PBXFileReference; explicitFileType = wrapper.application; includeInIndex = 0; path = FriendFace.app; sourceTree = BUILT_PRODUCTS_DIR; };
		F81A3FDB2C5E7C3900E297B0 /* FriendFaceApp.swift */ = {isa = PBXFileReference; lastKnownFileType = sourcecode.swift; path = FriendFaceApp.swift; sourceTree = "<group>"; };
		F81A3FDD2C5E7C3900E297B0 /* ContentView.swift */ = {isa = PBXFileReference; lastKnownFileType = sourcecode.swift; path = ContentView.swift; sourceTree = "<group>"; };
		F81A3FDF2C5E7C3A00E297B0 /* Assets.xcassets */ = {isa = PBXFileReference; lastKnownFileType = folder.assetcatalog; path = Assets.xcassets; sourceTree = "<group>"; };
		F81A3FE22C5E7C3A00E297B0 /* Preview Assets.xcassets */ = {isa = PBXFileReference; lastKnownFileType = folder.assetcatalog; path = "Preview Assets.xcassets"; sourceTree = "<group>"; };
		F81A3FED2C5E7C8900E297B0 /* Friend.swift */ = {isa = PBXFileReference; lastKnownFileType = sourcecode.swift; path = Friend.swift; sourceTree = "<group>"; };
		F81A3FEF2C5E7CBA00E297B0 /* User.swift */ = {isa = PBXFileReference; lastKnownFileType = sourcecode.swift; path = User.swift; sourceTree = "<group>"; };
		F81A3FF12C5E842100E297B0 /* certadmin.cer */ = {isa = PBXFileReference; lastKnownFileType = file; path = certadmin.cer; sourceTree = "<group>"; };
		F81A3FF22C5E860B00E297B0 /* UserDetailView.swift */ = {isa = PBXFileReference; lastKnownFileType = sourcecode.swift; path = UserDetailView.swift; sourceTree = "<group>"; };
		F81A3FF42C5E8D7A00E297B0 /* UsersViewModel.swift */ = {isa = PBXFileReference; lastKnownFileType = sourcecode.swift; path = UsersViewModel.swift; sourceTree = "<group>"; };
		F81A3FF92C5E932D00E297B0 /* ShaftConnector.swift */ = {isa = PBXFileReference; lastKnownFileType = sourcecode.swift; path = ShaftConnector.swift; sourceTree = "<group>"; };
/* End PBXFileReference section */

/* Begin PBXFrameworksBuildPhase section */
		F81A3FD52C5E7C3900E297B0 /* Frameworks */ = {
			isa = PBXFrameworksBuildPhase;
			buildActionMask = 2147483647;
			files = (
			);
			runOnlyForDeploymentPostprocessing = 0;
		};
/* End PBXFrameworksBuildPhase section */

/* Begin PBXGroup section */
		F81A3FCF2C5E7C3900E297B0 = {
			isa = PBXGroup;
			children = (
				F81A3FDA2C5E7C3900E297B0 /* FriendFace */,
				F81A3FD92C5E7C3900E297B0 /* Products */,
			);
			sourceTree = "<group>";
		};
		F81A3FD92C5E7C3900E297B0 /* Products */ = {
			isa = PBXGroup;
			children = (
				F81A3FD82C5E7C3900E297B0 /* FriendFace.app */,
			);
			name = Products;
			sourceTree = "<group>";
		};
		F81A3FDA2C5E7C3900E297B0 /* FriendFace */ = {
			isa = PBXGroup;
			children = (
				F81A3FF62C5E911E00E297B0 /* Network */,
				F81A3FEC2C5E7C5200E297B0 /* Models */,
				F81A3FEB2C5E7C5000E297B0 /* Views */,
				F81A3FEA2C5E7C4E00E297B0 /* ViewModels */,
				F81A3FDB2C5E7C3900E297B0 /* FriendFaceApp.swift */,
				F81A3FDF2C5E7C3A00E297B0 /* Assets.xcassets */,
				F81A3FF12C5E842100E297B0 /* certadmin.cer */,
				F81A3FE12C5E7C3A00E297B0 /* Preview Content */,
			);
			path = FriendFace;
			sourceTree = "<group>";
		};
		F81A3FE12C5E7C3A00E297B0 /* Preview Content */ = {
			isa = PBXGroup;
			children = (
				F81A3FE22C5E7C3A00E297B0 /* Preview Assets.xcassets */,
			);
			path = "Preview Content";
			sourceTree = "<group>";
		};
		F81A3FEA2C5E7C4E00E297B0 /* ViewModels */ = {
			isa = PBXGroup;
			children = (
				F81A3FF42C5E8D7A00E297B0 /* UsersViewModel.swift */,
			);
			path = ViewModels;
			sourceTree = "<group>";
		};
		F81A3FEB2C5E7C5000E297B0 /* Views */ = {
			isa = PBXGroup;
			children = (
				F81A3FDD2C5E7C3900E297B0 /* ContentView.swift */,
				F81A3FF22C5E860B00E297B0 /* UserDetailView.swift */,
			);
			path = Views;
			sourceTree = "<group>";
		};
		F81A3FEC2C5E7C5200E297B0 /* Models */ = {
			isa = PBXGroup;
			children = (
				F81A3FED2C5E7C8900E297B0 /* Friend.swift */,
				F81A3FEF2C5E7CBA00E297B0 /* User.swift */,
			);
			path = Models;
			sourceTree = "<group>";
		};
		F81A3FF62C5E911E00E297B0 /* Network */ = {
			isa = PBXGroup;
			children = (
				F81A3FF92C5E932D00E297B0 /* ShaftConnector.swift */,
			);
			path = Network;
			sourceTree = "<group>";
		};
/* End PBXGroup section */

/* Begin PBXNativeTarget section */
		F81A3FD72C5E7C3900E297B0 /* FriendFace */ = {
			isa = PBXNativeTarget;
			buildConfigurationList = F81A3FE62C5E7C3A00E297B0 /* Build configuration list for PBXNativeTarget "FriendFace" */;
			buildPhases = (
				F81A3FD42C5E7C3900E297B0 /* Sources */,
				F81A3FD52C5E7C3900E297B0 /* Frameworks */,
				F81A3FD62C5E7C3900E297B0 /* Resources */,
			);
			buildRules = (
			);
			dependencies = (
			);
			name = FriendFace;
			productName = FriendFace;
			productReference = F81A3FD82C5E7C3900E297B0 /* FriendFace.app */;
			productType = "com.apple.product-type.application";
		};
/* End PBXNativeTarget section */

/* Begin PBXProject section */
		F81A3FD02C5E7C3900E297B0 /* Project object */ = {
			isa = PBXProject;
			attributes = {
				BuildIndependentTargetsInParallel = 1;
				LastSwiftUpdateCheck = 1520;
				LastUpgradeCheck = 1520;
				TargetAttributes = {
					F81A3FD72C5E7C3900E297B0 = {
						CreatedOnToolsVersion = 15.2;
					};
				};
			};
			buildConfigurationList = F81A3FD32C5E7C3900E297B0 /* Build configuration list for PBXProject "FriendFace" */;
			compatibilityVersion = "Xcode 14.0";
			developmentRegion = en;
			hasScannedForEncodings = 0;
			knownRegions = (
				en,
				Base,
			);
			mainGroup = F81A3FCF2C5E7C3900E297B0;
			productRefGroup = F81A3FD92C5E7C3900E297B0 /* Products */;
			projectDirPath = "";
			projectRoot = "";
			targets = (
				F81A3FD72C5E7C3900E297B0 /* FriendFace */,
			);
		};
/* End PBXProject section */

/* Begin PBXResourcesBuildPhase section */
		F81A3FD62C5E7C3900E297B0 /* Resources */ = {
			isa = PBXResourcesBuildPhase;
			buildActionMask = 2147483647;
			files = (
				F81A3FE32C5E7C3A00E297B0 /* Preview Assets.xcassets in Resources */,
				F81A3FE02C5E7C3A00E297B0 /* Assets.xcassets in Resources */,
				F81A3FFB2C5E957000E297B0 /* certadmin.cer in Resources */,
			);
			runOnlyForDeploymentPostprocessing = 0;
		};
/* End PBXResourcesBuildPhase section */

/* Begin PBXSourcesBuildPhase section */
		F81A3FD42C5E7C3900E297B0 /* Sources */ = {
			isa = PBXSourcesBuildPhase;
			buildActionMask = 2147483647;
			files = (
				F81A3FF02C5E7CBA00E297B0 /* User.swift in Sources */,
				F81A3FF52C5E8D7A00E297B0 /* UsersViewModel.swift in Sources */,
				F81A3FFA2C5E932D00E297B0 /* ShaftConnector.swift in Sources */,
				F81A3FEE2C5E7C8900E297B0 /* Friend.swift in Sources */,
				F81A3FDE2C5E7C3900E297B0 /* ContentView.swift in Sources */,
				F81A3FF32C5E860B00E297B0 /* UserDetailView.swift in Sources */,
				F81A3FDC2C5E7C3900E297B0 /* FriendFaceApp.swift in Sources */,
			);
			runOnlyForDeploymentPostprocessing = 0;
		};
/* End PBXSourcesBuildPhase section */

/* Begin XCBuildConfiguration section */
		F81A3FE42C5E7C3A00E297B0 /* Debug */ = {
			isa = XCBuildConfiguration;
			buildSettings = {
				ALWAYS_SEARCH_USER_PATHS = NO;
				ASSETCATALOG_COMPILER_GENERATE_SWIFT_ASSET_SYMBOL_EXTENSIONS = YES;
				CLANG_ANALYZER_NONNULL = YES;
				CLANG_ANALYZER_NUMBER_OBJECT_CONVERSION = YES_AGGRESSIVE;
				CLANG_CXX_LANGUAGE_STANDARD = "gnu++20";
				CLANG_ENABLE_MODULES = YES;
				CLANG_ENABLE_OBJC_ARC = YES;
				CLANG_ENABLE_OBJC_WEAK = YES;
				CLANG_WARN_BLOCK_CAPTURE_AUTORELEASING = YES;
				CLANG_WARN_BOOL_CONVERSION = YES;
				CLANG_WARN_COMMA = YES;
				CLANG_WARN_CONSTANT_CONVERSION = YES;
				CLANG_WARN_DEPRECATED_OBJC_IMPLEMENTATIONS = YES;
				CLANG_WARN_DIRECT_OBJC_ISA_USAGE = YES_ERROR;
				CLANG_WARN_DOCUMENTATION_COMMENTS = YES;
				CLANG_WARN_EMPTY_BODY = YES;
				CLANG_WARN_ENUM_CONVERSION = YES;
				CLANG_WARN_INFINITE_RECURSION = YES;
				CLANG_WARN_INT_CONVERSION = YES;
				CLANG_WARN_NON_LITERAL_NULL_CONVERSION = YES;
				CLANG_WARN_OBJC_IMPLICIT_RETAIN_SELF = YES;
				CLANG_WARN_OBJC_LITERAL_CONVERSION = YES;
				CLANG_WARN_OBJC_ROOT_CLASS = YES_ERROR;
				CLANG_WARN_QUOTED_INCLUDE_IN_FRAMEWORK_HEADER = YES;
				CLANG_WARN_RANGE_LOOP_ANALYSIS = YES;
				CLANG_WARN_STRICT_PROTOTYPES = YES;
				CLANG_WARN_SUSPICIOUS_MOVE = YES;
				CLANG_WARN_UNGUARDED_AVAILABILITY = YES_AGGRESSIVE;
				CLANG_WARN_UNREACHABLE_CODE = YES;
				CLANG_WARN__DUPLICATE_METHOD_MATCH = YES;
				COPY_PHASE_STRIP = NO;
				DEBUG_INFORMATION_FORMAT = dwarf;
				ENABLE_STRICT_OBJC_MSGSEND = YES;
				ENABLE_TESTABILITY = YES;
				ENABLE_USER_SCRIPT_SANDBOXING = YES;
				GCC_C_LANGUAGE_STANDARD = gnu17;
				GCC_DYNAMIC_NO_PIC = NO;
				GCC_NO_COMMON_BLOCKS = YES;
				GCC_OPTIMIZATION_LEVEL = 0;
				GCC_PREPROCESSOR_DEFINITIONS = (
					"DEBUG=1",
					"$(inherited)",
				);
				GCC_WARN_64_TO_32_BIT_CONVERSION = YES;
				GCC_WARN_ABOUT_RETURN_TYPE = YES_ERROR;
				GCC_WARN_UNDECLARED_SELECTOR = YES;
				GCC_WARN_UNINITIALIZED_AUTOS = YES_AGGRESSIVE;
				GCC_WARN_UNUSED_FUNCTION = YES;
				GCC_WARN_UNUSED_VARIABLE = YES;
				IPHONEOS_DEPLOYMENT_TARGET = 17.2;
				LOCALIZATION_PREFERS_STRING_CATALOGS = YES;
				MTL_ENABLE_DEBUG_INFO = INCLUDE_SOURCE;
				MTL_FAST_MATH = YES;
				ONLY_ACTIVE_ARCH = YES;
				SDKROOT = iphoneos;
				SWIFT_ACTIVE_COMPILATION_CONDITIONS = "DEBUG $(inherited)";
				SWIFT_OPTIMIZATION_LEVEL = "-Onone";
			};
			name = Debug;
		};
		F81A3FE52C5E7C3A00E297B0 /* Release */ = {
			isa = XCBuildConfiguration;
			buildSettings = {
				ALWAYS_SEARCH_USER_PATHS = NO;
				ASSETCATALOG_COMPILER_GENERATE_SWIFT_ASSET_SYMBOL_EXTENSIONS = YES;
				CLANG_ANALYZER_NONNULL = YES;
				CLANG_ANALYZER_NUMBER_OBJECT_CONVERSION = YES_AGGRESSIVE;
				CLANG_CXX_LANGUAGE_STANDARD = "gnu++20";
				CLANG_ENABLE_MODULES = YES;
				CLANG_ENABLE_OBJC_ARC = YES;
				CLANG_ENABLE_OBJC_WEAK = YES;
				CLANG_WARN_BLOCK_CAPTURE_AUTORELEASING = YES;
				CLANG_WARN_BOOL_CONVERSION = YES;
				CLANG_WARN_COMMA = YES;
				CLANG_WARN_CONSTANT_CONVERSION = YES;
				CLANG_WARN_DEPRECATED_OBJC_IMPLEMENTATIONS = YES;
				CLANG_WARN_DIRECT_OBJC_ISA_USAGE = YES_ERROR;
				CLANG_WARN_DOCUMENTATION_COMMENTS = YES;
				CLANG_WARN_EMPTY_BODY = YES;
				CLANG_WARN_ENUM_CONVERSION = YES;
				CLANG_WARN_INFINITE_RECURSION = YES;
				CLANG_WARN_INT_CONVERSION = YES;
				CLANG_WARN_NON_LITERAL_NULL_CONVERSION = YES;
				CLANG_WARN_OBJC_IMPLICIT_RETAIN_SELF = YES;
				CLANG_WARN_OBJC_LITERAL_CONVERSION = YES;
				CLANG_WARN_OBJC_ROOT_CLASS = YES_ERROR;
				CLANG_WARN_QUOTED_INCLUDE_IN_FRAMEWORK_HEADER = YES;
				CLANG_WARN_RANGE_LOOP_ANALYSIS = YES;
				CLANG_WARN_STRICT_PROTOTYPES = YES;
				CLANG_WARN_SUSPICIOUS_MOVE = YES;
				CLANG_WARN_UNGUARDED_AVAILABILITY = YES_AGGRESSIVE;
				CLANG_WARN_UNREACHABLE_CODE = YES;
				CLANG_WARN__DUPLICATE_METHOD_MATCH = YES;
				COPY_PHASE_STRIP = NO;
				DEBUG_INFORMATION_FORMAT = "dwarf-with-dsym";
				ENABLE_NS_ASSERTIONS = NO;
				ENABLE_STRICT_OBJC_MSGSEND = YES;
				ENABLE_USER_SCRIPT_SANDBOXING = YES;
				GCC_C_LANGUAGE_STANDARD = gnu17;
				GCC_NO_COMMON_BLOCKS = YES;
				GCC_WARN_64_TO_32_BIT_CONVERSION = YES;
				GCC_WARN_ABOUT_RETURN_TYPE = YES_ERROR;
				GCC_WARN_UNDECLARED_SELECTOR = YES;
				GCC_WARN_UNINITIALIZED_AUTOS = YES_AGGRESSIVE;
				GCC_WARN_UNUSED_FUNCTION = YES;
				GCC_WARN_UNUSED_VARIABLE = YES;
				IPHONEOS_DEPLOYMENT_TARGET = 17.2;
				LOCALIZATION_PREFERS_STRING_CATALOGS = YES;
				MTL_ENABLE_DEBUG_INFO = NO;
				MTL_FAST_MATH = YES;
				SDKROOT = iphoneos;
				SWIFT_COMPILATION_MODE = wholemodule;
				VALIDATE_PRODUCT = YES;
			};
			name = Release;
		};
		F81A3FE72C5E7C3A00E297B0 /* Debug */ = {
			isa = XCBuildConfiguration;
			buildSettings = {
				ASSETCATALOG_COMPILER_APPICON_NAME = AppIcon;
				ASSETCATALOG_COMPILER_GLOBAL_ACCENT_COLOR_NAME = AccentColor;
				CODE_SIGN_STYLE = Automatic;
				CURRENT_PROJECT_VERSION = 1;
				DEVELOPMENT_ASSET_PATHS = "\"FriendFace/Preview Content\"";
				DEVELOPMENT_TEAM = G6HATL4S2M;
				ENABLE_PREVIEWS = YES;
				GENERATE_INFOPLIST_FILE = YES;
				INFOPLIST_KEY_UIApplicationSceneManifest_Generation = YES;
				INFOPLIST_KEY_UIApplicationSupportsIndirectInputEvents = YES;
				INFOPLIST_KEY_UILaunchScreen_Generation = YES;
				INFOPLIST_KEY_UISupportedInterfaceOrientations_iPad = "UIInterfaceOrientationPortrait UIInterfaceOrientationPortraitUpsideDown UIInterfaceOrientationLandscapeLeft UIInterfaceOrientationLandscapeRight";
				INFOPLIST_KEY_UISupportedInterfaceOrientations_iPhone = "UIInterfaceOrientationPortrait UIInterfaceOrientationLandscapeLeft UIInterfaceOrientationLandscapeRight";
				LD_RUNPATH_SEARCH_PATHS = (
					"$(inherited)",
					"@executable_path/Frameworks",
				);
				MARKETING_VERSION = 1.0;
				PRODUCT_BUNDLE_IDENTIFIER = br.com.shaft.FriendFace;
				PRODUCT_NAME = "$(TARGET_NAME)";
				SWIFT_EMIT_LOC_STRINGS = YES;
				SWIFT_VERSION = 5.0;
				TARGETED_DEVICE_FAMILY = "1,2";
			};
			name = Debug;
		};
		F81A3FE82C5E7C3A00E297B0 /* Release */ = {
			isa = XCBuildConfiguration;
			buildSettings = {
				ASSETCATALOG_COMPILER_APPICON_NAME = AppIcon;
				ASSETCATALOG_COMPILER_GLOBAL_ACCENT_COLOR_NAME = AccentColor;
				CODE_SIGN_STYLE = Automatic;
				CURRENT_PROJECT_VERSION = 1;
				DEVELOPMENT_ASSET_PATHS = "\"FriendFace/Preview Content\"";
				DEVELOPMENT_TEAM = G6HATL4S2M;
				ENABLE_PREVIEWS = YES;
				GENERATE_INFOPLIST_FILE = YES;
				INFOPLIST_KEY_UIApplicationSceneManifest_Generation = YES;
				INFOPLIST_KEY_UIApplicationSupportsIndirectInputEvents = YES;
				INFOPLIST_KEY_UILaunchScreen_Generation = YES;
				INFOPLIST_KEY_UISupportedInterfaceOrientations_iPad = "UIInterfaceOrientationPortrait UIInterfaceOrientationPortraitUpsideDown UIInterfaceOrientationLandscapeLeft UIInterfaceOrientationLandscapeRight";
				INFOPLIST_KEY_UISupportedInterfaceOrientations_iPhone = "UIInterfaceOrientationPortrait UIInterfaceOrientationLandscapeLeft UIInterfaceOrientationLandscapeRight";
				LD_RUNPATH_SEARCH_PATHS = (
					"$(inherited)",
					"@executable_path/Frameworks",
				);
				MARKETING_VERSION = 1.0;
				PRODUCT_BUNDLE_IDENTIFIER = br.com.shaft.FriendFace;
				PRODUCT_NAME = "$(TARGET_NAME)";
				SWIFT_EMIT_LOC_STRINGS = YES;
				SWIFT_VERSION = 5.0;
				TARGETED_DEVICE_FAMILY = "1,2";
			};
			name = Release;
		};
/* End XCBuildConfiguration section */

/* Begin XCConfigurationList section */
		F81A3FD32C5E7C3900E297B0 /* Build configuration list for PBXProject "FriendFace" */ = {
			isa = XCConfigurationList;
			buildConfigurations = (
				F81A3FE42C5E7C3A00E297B0 /* Debug */,
				F81A3FE52C5E7C3A00E297B0 /* Release */,
			);
			defaultConfigurationIsVisible = 0;
			defaultConfigurationName = Release;
		};
		F81A3FE62C5E7C3A00E297B0 /* Build configuration list for PBXNativeTarget "FriendFace" */ = {
			isa = XCConfigurationList;
			buildConfigurations = (
				F81A3FE72C5E7C3A00E297B0 /* Debug */,
				F81A3FE82C5E7C3A00E297B0 /* Release */,
			);
			defaultConfigurationIsVisible = 0;
			defaultConfigurationName = Release;
		};
/* End XCConfigurationList section */
	};
	rootObject = F81A3FD02C5E7C3900E297B0 /* Project object */;
}
